// !$*UTF8*$!
{
	archiveVersion = 1;
	classes = {
	};
	objectVersion = 56;
	objects = {

/* Begin PBXBuildFile section */
		EDC06C1A2B27967A003A0A88 /* ios_address_formApp.swift in Sources */ = {isa = PBXBuildFile; fileRef = EDC06C192B27967A003A0A88 /* ios_address_formApp.swift */; };
		EDC06C1C2B27967A003A0A88 /* ContentView.swift in Sources */ = {isa = PBXBuildFile; fileRef = EDC06C1B2B27967A003A0A88 /* ContentView.swift */; };
		EDC06C1E2B27967B003A0A88 /* Assets.xcassets in Resources */ = {isa = PBXBuildFile; fileRef = EDC06C1D2B27967B003A0A88 /* Assets.xcassets */; };
		EDC06C212B27967B003A0A88 /* Preview Assets.xcassets in Resources */ = {isa = PBXBuildFile; fileRef = EDC06C202B27967B003A0A88 /* Preview Assets.xcassets */; };
		EDC06C2B2B27967B003A0A88 /* ios_address_formTests.swift in Sources */ = {isa = PBXBuildFile; fileRef = EDC06C2A2B27967B003A0A88 /* ios_address_formTests.swift */; };
		EDC06C352B27967B003A0A88 /* ios_address_formUITests.swift in Sources */ = {isa = PBXBuildFile; fileRef = EDC06C342B27967B003A0A88 /* ios_address_formUITests.swift */; };
		EDC06C372B27967B003A0A88 /* ios_address_formUITestsLaunchTests.swift in Sources */ = {isa = PBXBuildFile; fileRef = EDC06C362B27967B003A0A88 /* ios_address_formUITestsLaunchTests.swift */; };
		EDC06C442B279B9D003A0A88 /* ViewModel.swift in Sources */ = {isa = PBXBuildFile; fileRef = EDC06C432B279B9D003A0A88 /* ViewModel.swift */; };
		EDC06C462B279BC1003A0A88 /* Model.swift in Sources */ = {isa = PBXBuildFile; fileRef = EDC06C452B279BC1003A0A88 /* Model.swift */; };
		EDC06C482B279BC9003A0A88 /* Address.swift in Sources */ = {isa = PBXBuildFile; fileRef = EDC06C472B279BC9003A0A88 /* Address.swift */; };
/* End PBXBuildFile section */

/* Begin PBXContainerItemProxy section */
		EDC06C272B27967B003A0A88 /* PBXContainerItemProxy */ = {
			isa = PBXContainerItemProxy;
			containerPortal = EDC06C0E2B27967A003A0A88 /* Project object */;
			proxyType = 1;
			remoteGlobalIDString = EDC06C152B27967A003A0A88;
			remoteInfo = "ios-address-form";
		};
		EDC06C312B27967B003A0A88 /* PBXContainerItemProxy */ = {
			isa = PBXContainerItemProxy;
			containerPortal = EDC06C0E2B27967A003A0A88 /* Project object */;
			proxyType = 1;
			remoteGlobalIDString = EDC06C152B27967A003A0A88;
			remoteInfo = "ios-address-form";
		};
/* End PBXContainerItemProxy section */

/* Begin PBXFileReference section */
		EDC06C162B27967A003A0A88 /* ios-address-form.app */ = {isa = PBXFileReference; explicitFileType = wrapper.application; includeInIndex = 0; path = "ios-address-form.app"; sourceTree = BUILT_PRODUCTS_DIR; };
		EDC06C192B27967A003A0A88 /* ios_address_formApp.swift */ = {isa = PBXFileReference; lastKnownFileType = sourcecode.swift; path = ios_address_formApp.swift; sourceTree = "<group>"; };
		EDC06C1B2B27967A003A0A88 /* ContentView.swift */ = {isa = PBXFileReference; lastKnownFileType = sourcecode.swift; path = ContentView.swift; sourceTree = "<group>"; };
		EDC06C1D2B27967B003A0A88 /* Assets.xcassets */ = {isa = PBXFileReference; lastKnownFileType = folder.assetcatalog; path = Assets.xcassets; sourceTree = "<group>"; };
		EDC06C202B27967B003A0A88 /* Preview Assets.xcassets */ = {isa = PBXFileReference; lastKnownFileType = folder.assetcatalog; path = "Preview Assets.xcassets"; sourceTree = "<group>"; };
		EDC06C262B27967B003A0A88 /* ios-address-formTests.xctest */ = {isa = PBXFileReference; explicitFileType = wrapper.cfbundle; includeInIndex = 0; path = "ios-address-formTests.xctest"; sourceTree = BUILT_PRODUCTS_DIR; };
		EDC06C2A2B27967B003A0A88 /* ios_address_formTests.swift */ = {isa = PBXFileReference; lastKnownFileType = sourcecode.swift; path = ios_address_formTests.swift; sourceTree = "<group>"; };
		EDC06C302B27967B003A0A88 /* ios-address-formUITests.xctest */ = {isa = PBXFileReference; explicitFileType = wrapper.cfbundle; includeInIndex = 0; path = "ios-address-formUITests.xctest"; sourceTree = BUILT_PRODUCTS_DIR; };
		EDC06C342B27967B003A0A88 /* ios_address_formUITests.swift */ = {isa = PBXFileReference; lastKnownFileType = sourcecode.swift; path = ios_address_formUITests.swift; sourceTree = "<group>"; };
		EDC06C362B27967B003A0A88 /* ios_address_formUITestsLaunchTests.swift */ = {isa = PBXFileReference; lastKnownFileType = sourcecode.swift; path = ios_address_formUITestsLaunchTests.swift; sourceTree = "<group>"; };
		EDC06C432B279B9D003A0A88 /* ViewModel.swift */ = {isa = PBXFileReference; lastKnownFileType = sourcecode.swift; path = ViewModel.swift; sourceTree = "<group>"; };
		EDC06C452B279BC1003A0A88 /* Model.swift */ = {isa = PBXFileReference; lastKnownFileType = sourcecode.swift; path = Model.swift; sourceTree = "<group>"; };
		EDC06C472B279BC9003A0A88 /* Address.swift */ = {isa = PBXFileReference; lastKnownFileType = sourcecode.swift; path = Address.swift; sourceTree = "<group>"; };
/* End PBXFileReference section */

/* Begin PBXFrameworksBuildPhase section */
		EDC06C132B27967A003A0A88 /* Frameworks */ = {
			isa = PBXFrameworksBuildPhase;
			buildActionMask = 2147483647;
			files = (
			);
			runOnlyForDeploymentPostprocessing = 0;
		};
		EDC06C232B27967B003A0A88 /* Frameworks */ = {
			isa = PBXFrameworksBuildPhase;
			buildActionMask = 2147483647;
			files = (
			);
			runOnlyForDeploymentPostprocessing = 0;
		};
		EDC06C2D2B27967B003A0A88 /* Frameworks */ = {
			isa = PBXFrameworksBuildPhase;
			buildActionMask = 2147483647;
			files = (
			);
			runOnlyForDeploymentPostprocessing = 0;
		};
/* End PBXFrameworksBuildPhase section */

/* Begin PBXGroup section */
		EDC06C0D2B27967A003A0A88 = {
			isa = PBXGroup;
			children = (
				EDC06C182B27967A003A0A88 /* ios-address-form */,
				EDC06C292B27967B003A0A88 /* ios-address-formTests */,
				EDC06C332B27967B003A0A88 /* ios-address-formUITests */,
				EDC06C172B27967A003A0A88 /* Products */,
			);
			sourceTree = "<group>";
		};
		EDC06C172B27967A003A0A88 /* Products */ = {
			isa = PBXGroup;
			children = (
				EDC06C162B27967A003A0A88 /* ios-address-form.app */,
				EDC06C262B27967B003A0A88 /* ios-address-formTests.xctest */,
				EDC06C302B27967B003A0A88 /* ios-address-formUITests.xctest */,
			);
			name = Products;
			sourceTree = "<group>";
		};
		EDC06C182B27967A003A0A88 /* ios-address-form */ = {
			isa = PBXGroup;
			children = (
				EDC06C192B27967A003A0A88 /* ios_address_formApp.swift */,
				EDC06C1B2B27967A003A0A88 /* ContentView.swift */,
				EDC06C1D2B27967B003A0A88 /* Assets.xcassets */,
				EDC06C1F2B27967B003A0A88 /* Preview Content */,
				EDC06C432B279B9D003A0A88 /* ViewModel.swift */,
				EDC06C452B279BC1003A0A88 /* Model.swift */,
				EDC06C472B279BC9003A0A88 /* Address.swift */,
			);
			path = "ios-address-form";
			sourceTree = "<group>";
		};
		EDC06C1F2B27967B003A0A88 /* Preview Content */ = {
			isa = PBXGroup;
			children = (
				EDC06C202B27967B003A0A88 /* Preview Assets.xcassets */,
			);
			path = "Preview Content";
			sourceTree = "<group>";
		};
		EDC06C292B27967B003A0A88 /* ios-address-formTests */ = {
			isa = PBXGroup;
			children = (
				EDC06C2A2B27967B003A0A88 /* ios_address_formTests.swift */,
			);
			path = "ios-address-formTests";
			sourceTree = "<group>";
		};
		EDC06C332B27967B003A0A88 /* ios-address-formUITests */ = {
			isa = PBXGroup;
			children = (
				EDC06C342B27967B003A0A88 /* ios_address_formUITests.swift */,
				EDC06C362B27967B003A0A88 /* ios_address_formUITestsLaunchTests.swift */,
			);
			path = "ios-address-formUITests";
			sourceTree = "<group>";
		};
/* End PBXGroup section */

/* Begin PBXNativeTarget section */
		EDC06C152B27967A003A0A88 /* ios-address-form */ = {
			isa = PBXNativeTarget;
			buildConfigurationList = EDC06C3A2B27967B003A0A88 /* Build configuration list for PBXNativeTarget "ios-address-form" */;
			buildPhases = (
				EDC06C122B27967A003A0A88 /* Sources */,
				EDC06C132B27967A003A0A88 /* Frameworks */,
				EDC06C142B27967A003A0A88 /* Resources */,
			);
			buildRules = (
			);
			dependencies = (
			);
			name = "ios-address-form";
			productName = "ios-address-form";
			productReference = EDC06C162B27967A003A0A88 /* ios-address-form.app */;
			productType = "com.apple.product-type.application";
		};
		EDC06C252B27967B003A0A88 /* ios-address-formTests */ = {
			isa = PBXNativeTarget;
			buildConfigurationList = EDC06C3D2B27967B003A0A88 /* Build configuration list for PBXNativeTarget "ios-address-formTests" */;
			buildPhases = (
				EDC06C222B27967B003A0A88 /* Sources */,
				EDC06C232B27967B003A0A88 /* Frameworks */,
				EDC06C242B27967B003A0A88 /* Resources */,
			);
			buildRules = (
			);
			dependencies = (
				EDC06C282B27967B003A0A88 /* PBXTargetDependency */,
			);
			name = "ios-address-formTests";
			productName = "ios-address-formTests";
			productReference = EDC06C262B27967B003A0A88 /* ios-address-formTests.xctest */;
			productType = "com.apple.product-type.bundle.unit-test";
		};
		EDC06C2F2B27967B003A0A88 /* ios-address-formUITests */ = {
			isa = PBXNativeTarget;
			buildConfigurationList = EDC06C402B27967B003A0A88 /* Build configuration list for PBXNativeTarget "ios-address-formUITests" */;
			buildPhases = (
				EDC06C2C2B27967B003A0A88 /* Sources */,
				EDC06C2D2B27967B003A0A88 /* Frameworks */,
				EDC06C2E2B27967B003A0A88 /* Resources */,
			);
			buildRules = (
			);
			dependencies = (
				EDC06C322B27967B003A0A88 /* PBXTargetDependency */,
			);
			name = "ios-address-formUITests";
			productName = "ios-address-formUITests";
			productReference = EDC06C302B27967B003A0A88 /* ios-address-formUITests.xctest */;
			productType = "com.apple.product-type.bundle.ui-testing";
		};
/* End PBXNativeTarget section */

/* Begin PBXProject section */
		EDC06C0E2B27967A003A0A88 /* Project object */ = {
			isa = PBXProject;
			attributes = {
				BuildIndependentTargetsInParallel = 1;
				LastSwiftUpdateCheck = 1500;
				LastUpgradeCheck = 1500;
				TargetAttributes = {
					EDC06C152B27967A003A0A88 = {
						CreatedOnToolsVersion = 15.0;
					};
					EDC06C252B27967B003A0A88 = {
						CreatedOnToolsVersion = 15.0;
						TestTargetID = EDC06C152B27967A003A0A88;
					};
					EDC06C2F2B27967B003A0A88 = {
						CreatedOnToolsVersion = 15.0;
						TestTargetID = EDC06C152B27967A003A0A88;
					};
				};
			};
			buildConfigurationList = EDC06C112B27967A003A0A88 /* Build configuration list for PBXProject "ios-address-form" */;
			compatibilityVersion = "Xcode 14.0";
			developmentRegion = en;
			hasScannedForEncodings = 0;
			knownRegions = (
				en,
				Base,
			);
			mainGroup = EDC06C0D2B27967A003A0A88;
			productRefGroup = EDC06C172B27967A003A0A88 /* Products */;
			projectDirPath = "";
			projectRoot = "";
			targets = (
				EDC06C152B27967A003A0A88 /* ios-address-form */,
				EDC06C252B27967B003A0A88 /* ios-address-formTests */,
				EDC06C2F2B27967B003A0A88 /* ios-address-formUITests */,
			);
		};
/* End PBXProject section */

/* Begin PBXResourcesBuildPhase section */
		EDC06C142B27967A003A0A88 /* Resources */ = {
			isa = PBXResourcesBuildPhase;
			buildActionMask = 2147483647;
			files = (
				EDC06C212B27967B003A0A88 /* Preview Assets.xcassets in Resources */,
				EDC06C1E2B27967B003A0A88 /* Assets.xcassets in Resources */,
			);
			runOnlyForDeploymentPostprocessing = 0;
		};
		EDC06C242B27967B003A0A88 /* Resources */ = {
			isa = PBXResourcesBuildPhase;
			buildActionMask = 2147483647;
			files = (
			);
			runOnlyForDeploymentPostprocessing = 0;
		};
		EDC06C2E2B27967B003A0A88 /* Resources */ = {
			isa = PBXResourcesBuildPhase;
			buildActionMask = 2147483647;
			files = (
			);
			runOnlyForDeploymentPostprocessing = 0;
		};
/* End PBXResourcesBuildPhase section */

/* Begin PBXSourcesBuildPhase section */
		EDC06C122B27967A003A0A88 /* Sources */ = {
			isa = PBXSourcesBuildPhase;
			buildActionMask = 2147483647;
			files = (
				EDC06C1C2B27967A003A0A88 /* ContentView.swift in Sources */,
				EDC06C442B279B9D003A0A88 /* ViewModel.swift in Sources */,
				EDC06C1A2B27967A003A0A88 /* ios_address_formApp.swift in Sources */,
				EDC06C462B279BC1003A0A88 /* Model.swift in Sources */,
				EDC06C482B279BC9003A0A88 /* Address.swift in Sources */,
			);
			runOnlyForDeploymentPostprocessing = 0;
		};
		EDC06C222B27967B003A0A88 /* Sources */ = {
			isa = PBXSourcesBuildPhase;
			buildActionMask = 2147483647;
			files = (
				EDC06C2B2B27967B003A0A88 /* ios_address_formTests.swift in Sources */,
			);
			runOnlyForDeploymentPostprocessing = 0;
		};
		EDC06C2C2B27967B003A0A88 /* Sources */ = {
			isa = PBXSourcesBuildPhase;
			buildActionMask = 2147483647;
			files = (
				EDC06C352B27967B003A0A88 /* ios_address_formUITests.swift in Sources */,
				EDC06C372B27967B003A0A88 /* ios_address_formUITestsLaunchTests.swift in Sources */,
			);
			runOnlyForDeploymentPostprocessing = 0;
		};
/* End PBXSourcesBuildPhase section */

/* Begin PBXTargetDependency section */
		EDC06C282B27967B003A0A88 /* PBXTargetDependency */ = {
			isa = PBXTargetDependency;
			target = EDC06C152B27967A003A0A88 /* ios-address-form */;
			targetProxy = EDC06C272B27967B003A0A88 /* PBXContainerItemProxy */;
		};
		EDC06C322B27967B003A0A88 /* PBXTargetDependency */ = {
			isa = PBXTargetDependency;
			target = EDC06C152B27967A003A0A88 /* ios-address-form */;
			targetProxy = EDC06C312B27967B003A0A88 /* PBXContainerItemProxy */;
		};
/* End PBXTargetDependency section */

/* Begin XCBuildConfiguration section */
		EDC06C382B27967B003A0A88 /* Debug */ = {
			isa = XCBuildConfiguration;
			buildSettings = {
				ALWAYS_SEARCH_USER_PATHS = NO;
				ASSETCATALOG_COMPILER_GENERATE_SWIFT_ASSET_SYMBOL_EXTENSIONS = YES;
				CLANG_ANALYZER_NONNULL = YES;
				CLANG_ANALYZER_NUMBER_OBJECT_CONVERSION = YES_AGGRESSIVE;
				CLANG_CXX_LANGUAGE_STANDARD = "gnu++20";
				CLANG_ENABLE_MODULES = YES;
				CLANG_ENABLE_OBJC_ARC = YES;
				CLANG_ENABLE_OBJC_WEAK = YES;
				CLANG_WARN_BLOCK_CAPTURE_AUTORELEASING = YES;
				CLANG_WARN_BOOL_CONVERSION = YES;
				CLANG_WARN_COMMA = YES;
				CLANG_WARN_CONSTANT_CONVERSION = YES;
				CLANG_WARN_DEPRECATED_OBJC_IMPLEMENTATIONS = YES;
				CLANG_WARN_DIRECT_OBJC_ISA_USAGE = YES_ERROR;
				CLANG_WARN_DOCUMENTATION_COMMENTS = YES;
				CLANG_WARN_EMPTY_BODY = YES;
				CLANG_WARN_ENUM_CONVERSION = YES;
				CLANG_WARN_INFINITE_RECURSION = YES;
				CLANG_WARN_INT_CONVERSION = YES;
				CLANG_WARN_NON_LITERAL_NULL_CONVERSION = YES;
				CLANG_WARN_OBJC_IMPLICIT_RETAIN_SELF = YES;
				CLANG_WARN_OBJC_LITERAL_CONVERSION = YES;
				CLANG_WARN_OBJC_ROOT_CLASS = YES_ERROR;
				CLANG_WARN_QUOTED_INCLUDE_IN_FRAMEWORK_HEADER = YES;
				CLANG_WARN_RANGE_LOOP_ANALYSIS = YES;
				CLANG_WARN_STRICT_PROTOTYPES = YES;
				CLANG_WARN_SUSPICIOUS_MOVE = YES;
				CLANG_WARN_UNGUARDED_AVAILABILITY = YES_AGGRESSIVE;
				CLANG_WARN_UNREACHABLE_CODE = YES;
				CLANG_WARN__DUPLICATE_METHOD_MATCH = YES;
				COPY_PHASE_STRIP = NO;
				DEBUG_INFORMATION_FORMAT = dwarf;
				ENABLE_STRICT_OBJC_MSGSEND = YES;
				ENABLE_TESTABILITY = YES;
				ENABLE_USER_SCRIPT_SANDBOXING = YES;
				GCC_C_LANGUAGE_STANDARD = gnu17;
				GCC_DYNAMIC_NO_PIC = NO;
				GCC_NO_COMMON_BLOCKS = YES;
				GCC_OPTIMIZATION_LEVEL = 0;
				GCC_PREPROCESSOR_DEFINITIONS = (
					"DEBUG=1",
					"$(inherited)",
				);
				GCC_WARN_64_TO_32_BIT_CONVERSION = YES;
				GCC_WARN_ABOUT_RETURN_TYPE = YES_ERROR;
				GCC_WARN_UNDECLARED_SELECTOR = YES;
				GCC_WARN_UNINITIALIZED_AUTOS = YES_AGGRESSIVE;
				GCC_WARN_UNUSED_FUNCTION = YES;
				GCC_WARN_UNUSED_VARIABLE = YES;
				IPHONEOS_DEPLOYMENT_TARGET = 17.0;
				LOCALIZATION_PREFERS_STRING_CATALOGS = YES;
				MTL_ENABLE_DEBUG_INFO = INCLUDE_SOURCE;
				MTL_FAST_MATH = YES;
				ONLY_ACTIVE_ARCH = YES;
				SDKROOT = iphoneos;
				SWIFT_ACTIVE_COMPILATION_CONDITIONS = "DEBUG $(inherited)";
				SWIFT_OPTIMIZATION_LEVEL = "-Onone";
			};
			name = Debug;
		};
		EDC06C392B27967B003A0A88 /* Release */ = {
			isa = XCBuildConfiguration;
			buildSettings = {
				ALWAYS_SEARCH_USER_PATHS = NO;
				ASSETCATALOG_COMPILER_GENERATE_SWIFT_ASSET_SYMBOL_EXTENSIONS = YES;
				CLANG_ANALYZER_NONNULL = YES;
				CLANG_ANALYZER_NUMBER_OBJECT_CONVERSION = YES_AGGRESSIVE;
				CLANG_CXX_LANGUAGE_STANDARD = "gnu++20";
				CLANG_ENABLE_MODULES = YES;
				CLANG_ENABLE_OBJC_ARC = YES;
				CLANG_ENABLE_OBJC_WEAK = YES;
				CLANG_WARN_BLOCK_CAPTURE_AUTORELEASING = YES;
				CLANG_WARN_BOOL_CONVERSION = YES;
				CLANG_WARN_COMMA = YES;
				CLANG_WARN_CONSTANT_CONVERSION = YES;
				CLANG_WARN_DEPRECATED_OBJC_IMPLEMENTATIONS = YES;
				CLANG_WARN_DIRECT_OBJC_ISA_USAGE = YES_ERROR;
				CLANG_WARN_DOCUMENTATION_COMMENTS = YES;
				CLANG_WARN_EMPTY_BODY = YES;
				CLANG_WARN_ENUM_CONVERSION = YES;
				CLANG_WARN_INFINITE_RECURSION = YES;
				CLANG_WARN_INT_CONVERSION = YES;
				CLANG_WARN_NON_LITERAL_NULL_CONVERSION = YES;
				CLANG_WARN_OBJC_IMPLICIT_RETAIN_SELF = YES;
				CLANG_WARN_OBJC_LITERAL_CONVERSION = YES;
				CLANG_WARN_OBJC_ROOT_CLASS = YES_ERROR;
				CLANG_WARN_QUOTED_INCLUDE_IN_FRAMEWORK_HEADER = YES;
				CLANG_WARN_RANGE_LOOP_ANALYSIS = YES;
				CLANG_WARN_STRICT_PROTOTYPES = YES;
				CLANG_WARN_SUSPICIOUS_MOVE = YES;
				CLANG_WARN_UNGUARDED_AVAILABILITY = YES_AGGRESSIVE;
				CLANG_WARN_UNREACHABLE_CODE = YES;
				CLANG_WARN__DUPLICATE_METHOD_MATCH = YES;
				COPY_PHASE_STRIP = NO;
				DEBUG_INFORMATION_FORMAT = "dwarf-with-dsym";
				ENABLE_NS_ASSERTIONS = NO;
				ENABLE_STRICT_OBJC_MSGSEND = YES;
				ENABLE_USER_SCRIPT_SANDBOXING = YES;
				GCC_C_LANGUAGE_STANDARD = gnu17;
				GCC_NO_COMMON_BLOCKS = YES;
				GCC_WARN_64_TO_32_BIT_CONVERSION = YES;
				GCC_WARN_ABOUT_RETURN_TYPE = YES_ERROR;
				GCC_WARN_UNDECLARED_SELECTOR = YES;
				GCC_WARN_UNINITIALIZED_AUTOS = YES_AGGRESSIVE;
				GCC_WARN_UNUSED_FUNCTION = YES;
				GCC_WARN_UNUSED_VARIABLE = YES;
				IPHONEOS_DEPLOYMENT_TARGET = 17.0;
				LOCALIZATION_PREFERS_STRING_CATALOGS = YES;
				MTL_ENABLE_DEBUG_INFO = NO;
				MTL_FAST_MATH = YES;
				SDKROOT = iphoneos;
				SWIFT_COMPILATION_MODE = wholemodule;
				VALIDATE_PRODUCT = YES;
			};
			name = Release;
		};
		EDC06C3B2B27967B003A0A88 /* Debug */ = {
			isa = XCBuildConfiguration;
			buildSettings = {
				ASSETCATALOG_COMPILER_APPICON_NAME = AppIcon;
				ASSETCATALOG_COMPILER_GLOBAL_ACCENT_COLOR_NAME = AccentColor;
				CODE_SIGN_STYLE = Automatic;
				CURRENT_PROJECT_VERSION = 1;
				DEVELOPMENT_ASSET_PATHS = "\"ios-address-form/Preview Content\"";
				ENABLE_PREVIEWS = YES;
				GENERATE_INFOPLIST_FILE = YES;
				INFOPLIST_KEY_UIApplicationSceneManifest_Generation = YES;
				INFOPLIST_KEY_UIApplicationSupportsIndirectInputEvents = YES;
				INFOPLIST_KEY_UILaunchScreen_Generation = YES;
				INFOPLIST_KEY_UISupportedInterfaceOrientations_iPad = "UIInterfaceOrientationPortrait UIInterfaceOrientationPortraitUpsideDown UIInterfaceOrientationLandscapeLeft UIInterfaceOrientationLandscapeRight";
				INFOPLIST_KEY_UISupportedInterfaceOrientations_iPhone = "UIInterfaceOrientationPortrait UIInterfaceOrientationLandscapeLeft UIInterfaceOrientationLandscapeRight";
				LD_RUNPATH_SEARCH_PATHS = (
					"$(inherited)",
					"@executable_path/Frameworks",
				);
				MARKETING_VERSION = 1.0;
				PRODUCT_BUNDLE_IDENTIFIER = "at.ac.htlleonding.ios-address-form";
				PRODUCT_NAME = "$(TARGET_NAME)";
				SWIFT_EMIT_LOC_STRINGS = YES;
				SWIFT_VERSION = 5.0;
				TARGETED_DEVICE_FAMILY = "1,2";
			};
			name = Debug;
		};
		EDC06C3C2B27967B003A0A88 /* Release */ = {
			isa = XCBuildConfiguration;
			buildSettings = {
				ASSETCATALOG_COMPILER_APPICON_NAME = AppIcon;
				ASSETCATALOG_COMPILER_GLOBAL_ACCENT_COLOR_NAME = AccentColor;
				CODE_SIGN_STYLE = Automatic;
				CURRENT_PROJECT_VERSION = 1;
				DEVELOPMENT_ASSET_PATHS = "\"ios-address-form/Preview Content\"";
				ENABLE_PREVIEWS = YES;
				GENERATE_INFOPLIST_FILE = YES;
				INFOPLIST_KEY_UIApplicationSceneManifest_Generation = YES;
				INFOPLIST_KEY_UIApplicationSupportsIndirectInputEvents = YES;
				INFOPLIST_KEY_UILaunchScreen_Generation = YES;
				INFOPLIST_KEY_UISupportedInterfaceOrientations_iPad = "UIInterfaceOrientationPortrait UIInterfaceOrientationPortraitUpsideDown UIInterfaceOrientationLandscapeLeft UIInterfaceOrientationLandscapeRight";
				INFOPLIST_KEY_UISupportedInterfaceOrientations_iPhone = "UIInterfaceOrientationPortrait UIInterfaceOrientationLandscapeLeft UIInterfaceOrientationLandscapeRight";
				LD_RUNPATH_SEARCH_PATHS = (
					"$(inherited)",
					"@executable_path/Frameworks",
				);
				MARKETING_VERSION = 1.0;
				PRODUCT_BUNDLE_IDENTIFIER = "at.ac.htlleonding.ios-address-form";
				PRODUCT_NAME = "$(TARGET_NAME)";
				SWIFT_EMIT_LOC_STRINGS = YES;
				SWIFT_VERSION = 5.0;
				TARGETED_DEVICE_FAMILY = "1,2";
			};
			name = Release;
		};
		EDC06C3E2B27967B003A0A88 /* Debug */ = {
			isa = XCBuildConfiguration;
			buildSettings = {
				ALWAYS_EMBED_SWIFT_STANDARD_LIBRARIES = YES;
				BUNDLE_LOADER = "$(TEST_HOST)";
				CODE_SIGN_STYLE = Automatic;
				CURRENT_PROJECT_VERSION = 1;
				GENERATE_INFOPLIST_FILE = YES;
				IPHONEOS_DEPLOYMENT_TARGET = 17.0;
				MARKETING_VERSION = 1.0;
				PRODUCT_BUNDLE_IDENTIFIER = "at.ac.htlleonding.ios-address-formTests";
				PRODUCT_NAME = "$(TARGET_NAME)";
				SWIFT_EMIT_LOC_STRINGS = NO;
				SWIFT_VERSION = 5.0;
				TARGETED_DEVICE_FAMILY = "1,2";
				TEST_HOST = "$(BUILT_PRODUCTS_DIR)/ios-address-form.app/$(BUNDLE_EXECUTABLE_FOLDER_PATH)/ios-address-form";
			};
			name = Debug;
		};
		EDC06C3F2B27967B003A0A88 /* Release */ = {
			isa = XCBuildConfiguration;
			buildSettings = {
				ALWAYS_EMBED_SWIFT_STANDARD_LIBRARIES = YES;
				BUNDLE_LOADER = "$(TEST_HOST)";
				CODE_SIGN_STYLE = Automatic;
				CURRENT_PROJECT_VERSION = 1;
				GENERATE_INFOPLIST_FILE = YES;
				IPHONEOS_DEPLOYMENT_TARGET = 17.0;
				MARKETING_VERSION = 1.0;
				PRODUCT_BUNDLE_IDENTIFIER = "at.ac.htlleonding.ios-address-formTests";
				PRODUCT_NAME = "$(TARGET_NAME)";
				SWIFT_EMIT_LOC_STRINGS = NO;
				SWIFT_VERSION = 5.0;
				TARGETED_DEVICE_FAMILY = "1,2";
				TEST_HOST = "$(BUILT_PRODUCTS_DIR)/ios-address-form.app/$(BUNDLE_EXECUTABLE_FOLDER_PATH)/ios-address-form";
			};
			name = Release;
		};
		EDC06C412B27967B003A0A88 /* Debug */ = {
			isa = XCBuildConfiguration;
			buildSettings = {
				ALWAYS_EMBED_SWIFT_STANDARD_LIBRARIES = YES;
				CODE_SIGN_STYLE = Automatic;
				CURRENT_PROJECT_VERSION = 1;
				GENERATE_INFOPLIST_FILE = YES;
				MARKETING_VERSION = 1.0;
				PRODUCT_BUNDLE_IDENTIFIER = "at.ac.htlleonding.ios-address-formUITests";
				PRODUCT_NAME = "$(TARGET_NAME)";
				SWIFT_EMIT_LOC_STRINGS = NO;
				SWIFT_VERSION = 5.0;
				TARGETED_DEVICE_FAMILY = "1,2";
				TEST_TARGET_NAME = "ios-address-form";
			};
			name = Debug;
		};
		EDC06C422B27967B003A0A88 /* Release */ = {
			isa = XCBuildConfiguration;
			buildSettings = {
				ALWAYS_EMBED_SWIFT_STANDARD_LIBRARIES = YES;
				CODE_SIGN_STYLE = Automatic;
				CURRENT_PROJECT_VERSION = 1;
				GENERATE_INFOPLIST_FILE = YES;
				MARKETING_VERSION = 1.0;
				PRODUCT_BUNDLE_IDENTIFIER = "at.ac.htlleonding.ios-address-formUITests";
				PRODUCT_NAME = "$(TARGET_NAME)";
				SWIFT_EMIT_LOC_STRINGS = NO;
				SWIFT_VERSION = 5.0;
				TARGETED_DEVICE_FAMILY = "1,2";
				TEST_TARGET_NAME = "ios-address-form";
			};
			name = Release;
		};
/* End XCBuildConfiguration section */

/* Begin XCConfigurationList section */
		EDC06C112B27967A003A0A88 /* Build configuration list for PBXProject "ios-address-form" */ = {
			isa = XCConfigurationList;
			buildConfigurations = (
				EDC06C382B27967B003A0A88 /* Debug */,
				EDC06C392B27967B003A0A88 /* Release */,
			);
			defaultConfigurationIsVisible = 0;
			defaultConfigurationName = Release;
		};
		EDC06C3A2B27967B003A0A88 /* Build configuration list for PBXNativeTarget "ios-address-form" */ = {
			isa = XCConfigurationList;
			buildConfigurations = (
				EDC06C3B2B27967B003A0A88 /* Debug */,
				EDC06C3C2B27967B003A0A88 /* Release */,
			);
			defaultConfigurationIsVisible = 0;
			defaultConfigurationName = Release;
		};
		EDC06C3D2B27967B003A0A88 /* Build configuration list for PBXNativeTarget "ios-address-formTests" */ = {
			isa = XCConfigurationList;
			buildConfigurations = (
				EDC06C3E2B27967B003A0A88 /* Debug */,
				EDC06C3F2B27967B003A0A88 /* Release */,
			);
			defaultConfigurationIsVisible = 0;
			defaultConfigurationName = Release;
		};
		EDC06C402B27967B003A0A88 /* Build configuration list for PBXNativeTarget "ios-address-formUITests" */ = {
			isa = XCConfigurationList;
			buildConfigurations = (
				EDC06C412B27967B003A0A88 /* Debug */,
				EDC06C422B27967B003A0A88 /* Release */,
			);
			defaultConfigurationIsVisible = 0;
			defaultConfigurationName = Release;
		};
/* End XCConfigurationList section */
	};
	rootObject = EDC06C0E2B27967A003A0A88 /* Project object */;
}
